<?xml version="1.0" encoding="utf-8"?>
<Project ToolsVersion="4.0" xmlns="http://schemas.microsoft.com/developer/msbuild/2003">
  <ItemGroup>
    <ClCompile Include="CPPBuild.cpp" />
    <ClCompile Include="VSGenerator.cpp" />
    <ClCompile Include="Precomp.cpp" />
    <ClCompile Include="Main.cpp" />
    <ClCompile Include="CSSTokenizer.cpp" />
    <ClCompile Include="Target.cpp" />
    <ClCompile Include="IOData\DataBuffer.cpp">
      <Filter>IOData</Filter>
    </ClCompile>
    <ClCompile Include="IOData\Directory.cpp">
      <Filter>IOData</Filter>
    </ClCompile>
    <ClCompile Include="IOData\File.cpp">
      <Filter>IOData</Filter>
    </ClCompile>
    <ClCompile Include="IOData\FilePath.cpp">
      <Filter>IOData</Filter>
    </ClCompile>
    <ClCompile Include="IOData\MemoryDevice.cpp">
      <Filter>IOData</Filter>
    </ClCompile>
    <ClCompile Include="Json\JsonValue.cpp">
      <Filter>Json</Filter>
    </ClCompile>
    <ClCompile Include="Text\Text.cpp">
      <Filter>Text</Filter>
    </ClCompile>
    <ClCompile Include="Text\UTF8Reader.cpp">
      <Filter>Text</Filter>
    </ClCompile>
    <ClCompile Include="Text\UTF16.cpp">
      <Filter>Text</Filter>
    </ClCompile>
    <ClCompile Include="Zip\miniz.c">
      <Filter>Zip</Filter>
    </ClCompile>
    <ClCompile Include="Zip\ZipReader.cpp">
      <Filter>Zip</Filter>
    </ClCompile>
    <ClCompile Include="Zip\ZipWriter.cpp">
      <Filter>Zip</Filter>
    </ClCompile>
    <ClCompile Include="Javascript\quickjs-amalgam.c">
      <Filter>Javascript</Filter>
    </ClCompile>
    <ClCompile Include="Javascript\ScriptContext.cpp">
      <Filter>Javascript</Filter>
    </ClCompile>
    <ClCompile Include="Guid\Guid.cpp">
      <Filter>Guid</Filter>
    </ClCompile>
    <ClCompile Include="Base64\Base64.cpp">
      <Filter>Base64</Filter>
    </ClCompile>
    <ClCompile Include="Msi\MSIDatabase.cpp">
      <Filter>Msi</Filter>
    </ClCompile>
    <ClCompile Include="Msi\MSIGenerator.cpp">
      <Filter>Msi</Filter>
    </ClCompile>
    <ClCompile Include="Msi\Dialogs\MSIDialog.cpp">
      <Filter>Msi\Dialogs</Filter>
    </ClCompile>
    <ClCompile Include="Msi\Dialogs\AdminWelcomeDlg.cpp">
      <Filter>Msi\Dialogs</Filter>
    </ClCompile>
    <ClCompile Include="Msi\Dialogs\ExitDialog.cpp">
      <Filter>Msi\Dialogs</Filter>
    </ClCompile>
    <ClCompile Include="Msi\Dialogs\FatalError.cpp">
      <Filter>Msi\Dialogs</Filter>
    </ClCompile>
    <ClCompile Include="Msi\Dialogs\PrepareDlg.cpp">
      <Filter>Msi\Dialogs</Filter>
    </ClCompile>
    <ClCompile Include="Msi\Dialogs\ProgressDlg.cpp">
      <Filter>Msi\Dialogs</Filter>
    </ClCompile>
    <ClCompile Include="Msi\Dialogs\UserExit.cpp">
      <Filter>Msi\Dialogs</Filter>
    </ClCompile>
    <ClCompile Include="Msi\Dialogs\AdminBrowseDlg.cpp">
      <Filter>Msi\Dialogs</Filter>
    </ClCompile>
    <ClCompile Include="Msi\Dialogs\AdminInstallPointDlg.cpp">
      <Filter>Msi\Dialogs</Filter>
    </ClCompile>
    <ClCompile Include="Msi\Dialogs\AdminRegistrationDlg.cpp">
      <Filter>Msi\Dialogs</Filter>
    </ClCompile>
    <ClCompile Include="Msi\Dialogs\BrowseDlg.cpp">
      <Filter>Msi\Dialogs</Filter>
    </ClCompile>
    <ClCompile Include="Msi\Dialogs\CancelDlg.cpp">
      <Filter>Msi\Dialogs</Filter>
    </ClCompile>
    <ClCompile Include="Msi\Dialogs\CustomizeDlg.cpp">
      <Filter>Msi\Dialogs</Filter>
    </ClCompile>
    <ClCompile Include="Msi\Dialogs\DiskCostDlg.cpp">
      <Filter>Msi\Dialogs</Filter>
    </ClCompile>
    <ClCompile Include="Msi\Dialogs\ErrorDlg.cpp">
      <Filter>Msi\Dialogs</Filter>
    </ClCompile>
    <ClCompile Include="Msi\Dialogs\FilesInUse.cpp">
      <Filter>Msi\Dialogs</Filter>
    </ClCompile>
    <ClCompile Include="Msi\Dialogs\LicenseAgreementDlg.cpp">
      <Filter>Msi\Dialogs</Filter>
    </ClCompile>
    <ClCompile Include="Msi\Dialogs\MaintenanceTypeDlg.cpp">
      <Filter>Msi\Dialogs</Filter>
    </ClCompile>
    <ClCompile Include="Msi\Dialogs\MaintenanceWelcomeDlg.cpp">
      <Filter>Msi\Dialogs</Filter>
    </ClCompile>
    <ClCompile Include="Msi\Dialogs\MsiRMFilesInUse.cpp">
      <Filter>Msi\Dialogs</Filter>
    </ClCompile>
    <ClCompile Include="Msi\Dialogs\OutOfDiskDlg.cpp">
      <Filter>Msi\Dialogs</Filter>
    </ClCompile>
    <ClCompile Include="Msi\Dialogs\OutOfRbDiskDlg.cpp">
      <Filter>Msi\Dialogs</Filter>
    </ClCompile>
    <ClCompile Include="Msi\Dialogs\ResumeDlg.cpp">
      <Filter>Msi\Dialogs</Filter>
    </ClCompile>
    <ClCompile Include="Msi\Dialogs\SetupTypeDlg.cpp">
      <Filter>Msi\Dialogs</Filter>
    </ClCompile>
    <ClCompile Include="Msi\Dialogs\UserRegistrationDlg.cpp">
      <Filter>Msi\Dialogs</Filter>
    </ClCompile>
    <ClCompile Include="Msi\Dialogs\VerifyReadyDlg.cpp">
      <Filter>Msi\Dialogs</Filter>
    </ClCompile>
    <ClCompile Include="Msi\Dialogs\VerifyRemoveDlg.cpp">
      <Filter>Msi\Dialogs</Filter>
    </ClCompile>
    <ClCompile Include="Msi\Dialogs\VerifyRepairDlg.cpp">
      <Filter>Msi\Dialogs</Filter>
    </ClCompile>
    <ClCompile Include="Msi\Dialogs\WaitForCostingDlg.cpp">
      <Filter>Msi\Dialogs</Filter>
    </ClCompile>
    <ClCompile Include="Msi\Dialogs\WelcomeDlg.cpp">
      <Filter>Msi\Dialogs</Filter>
    </ClCompile>
    <ClCompile Include="Msi\Dialogs\WelcomeDlgLink.cpp">
      <Filter>Msi\Dialogs</Filter>
    </ClCompile>
    <ClCompile Include="Msi\MSISequence.cpp">
      <Filter>Msi</Filter>
    </ClCompile>
    <ClCompile Include="BuildSetup.cpp" />
    <ClCompile Include="ConsoleProcess.cpp" />
    <ClCompile Include="MakefileWorkspace.cpp" />
    <ClCompile Include="VSWorkspace.cpp" />
  </ItemGroup>
  <ItemGroup>
    <ClInclude Include="CPPBuild.h" />
    <ClInclude Include="VSGenerator.h" />
    <ClInclude Include="Precomp.h" />
    <ClInclude Include="CSSTokenizer.h" />
    <ClInclude Include="Target.h" />
    <ClInclude Include="IOData\DataBuffer.h">
      <Filter>IOData</Filter>
    </ClInclude>
    <ClInclude Include="IOData\Directory.h">
      <Filter>IOData</Filter>
    </ClInclude>
    <ClInclude Include="IOData\File.h">
      <Filter>IOData</Filter>
    </ClInclude>
    <ClInclude Include="IOData\FilePath.h">
      <Filter>IOData</Filter>
    </ClInclude>
    <ClInclude Include="IOData\IODevice.h">
      <Filter>IOData</Filter>
    </ClInclude>
    <ClInclude Include="IOData\MemoryDevice.h">
      <Filter>IOData</Filter>
    </ClInclude>
    <ClInclude Include="Json\JsonValue.h">
      <Filter>Json</Filter>
    </ClInclude>
    <ClInclude Include="Text\Text.h">
      <Filter>Text</Filter>
    </ClInclude>
    <ClInclude Include="Text\UTF8Reader.h">
      <Filter>Text</Filter>
    </ClInclude>
    <ClInclude Include="Text\UTF16.h">
      <Filter>Text</Filter>
    </ClInclude>
    <ClInclude Include="Zip\miniz.h">
      <Filter>Zip</Filter>
    </ClInclude>
    <ClInclude Include="Zip\ZipReader.h">
      <Filter>Zip</Filter>
    </ClInclude>
    <ClInclude Include="Zip\ZipWriter.h">
      <Filter>Zip</Filter>
    </ClInclude>
    <ClInclude Include="Javascript\quickjs.h">
      <Filter>Javascript</Filter>
    </ClInclude>
    <ClInclude Include="Javascript\quickjs-libc.h">
      <Filter>Javascript</Filter>
    </ClInclude>
    <ClInclude Include="Javascript\ScriptContext.h">
      <Filter>Javascript</Filter>
    </ClInclude>
    <ClInclude Include="Javascript\ScriptValue.h">
      <Filter>Javascript</Filter>
    </ClInclude>
    <ClInclude Include="CPPBuildJS.h" />
    <ClInclude Include="Guid\Guid.h">
      <Filter>Guid</Filter>
    </ClInclude>
    <ClInclude Include="Base64\Base64.h">
      <Filter>Base64</Filter>
    </ClInclude>
    <ClInclude Include="Msi\MSIDatabase.h">
      <Filter>Msi</Filter>
    </ClInclude>
    <ClInclude Include="Msi\MSIGenerator.h">
      <Filter>Msi</Filter>
    </ClInclude>
    <ClInclude Include="Msi\MSISchema.h">
      <Filter>Msi</Filter>
    </ClInclude>
    <ClInclude Include="Msi\MSISequence.h">
      <Filter>Msi</Filter>
    </ClInclude>
    <ClInclude Include="Msi\Dialogs\MSIDialog.h">
      <Filter>Msi\Dialogs</Filter>
    </ClInclude>
    <ClInclude Include="Msi\Dialogs\AdminWelcomeDlg.h">
      <Filter>Msi\Dialogs</Filter>
    </ClInclude>
    <ClInclude Include="Msi\Dialogs\ExitDialog.h">
      <Filter>Msi\Dialogs</Filter>
    </ClInclude>
    <ClInclude Include="Msi\Dialogs\FatalError.h">
      <Filter>Msi\Dialogs</Filter>
    </ClInclude>
    <ClInclude Include="Msi\Dialogs\PrepareDlg.h">
      <Filter>Msi\Dialogs</Filter>
    </ClInclude>
    <ClInclude Include="Msi\Dialogs\ProgressDlg.h">
      <Filter>Msi\Dialogs</Filter>
    </ClInclude>
    <ClInclude Include="Msi\Dialogs\UserExit.h">
      <Filter>Msi\Dialogs</Filter>
    </ClInclude>
    <ClInclude Include="Msi\Dialogs\AdminBrowseDlg.h">
      <Filter>Msi\Dialogs</Filter>
    </ClInclude>
    <ClInclude Include="Msi\Dialogs\AdminInstallPointDlg.h">
      <Filter>Msi\Dialogs</Filter>
    </ClInclude>
    <ClInclude Include="Msi\Dialogs\AdminRegistrationDlg.h">
      <Filter>Msi\Dialogs</Filter>
    </ClInclude>
    <ClInclude Include="Msi\Dialogs\BrowseDlg.h">
      <Filter>Msi\Dialogs</Filter>
    </ClInclude>
    <ClInclude Include="Msi\Dialogs\CancelDlg.h">
      <Filter>Msi\Dialogs</Filter>
    </ClInclude>
    <ClInclude Include="Msi\Dialogs\CustomizeDlg.h">
      <Filter>Msi\Dialogs</Filter>
    </ClInclude>
    <ClInclude Include="Msi\Dialogs\DiskCostDlg.h">
      <Filter>Msi\Dialogs</Filter>
    </ClInclude>
    <ClInclude Include="Msi\Dialogs\ErrorDlg.h">
      <Filter>Msi\Dialogs</Filter>
    </ClInclude>
    <ClInclude Include="Msi\Dialogs\FilesInUse.h">
      <Filter>Msi\Dialogs</Filter>
    </ClInclude>
    <ClInclude Include="Msi\Dialogs\LicenseAgreementDlg.h">
      <Filter>Msi\Dialogs</Filter>
    </ClInclude>
    <ClInclude Include="Msi\Dialogs\MaintenanceTypeDlg.h">
      <Filter>Msi\Dialogs</Filter>
    </ClInclude>
    <ClInclude Include="Msi\Dialogs\MaintenanceWelcomeDlg.h">
      <Filter>Msi\Dialogs</Filter>
    </ClInclude>
    <ClInclude Include="Msi\Dialogs\MsiRMFilesInUse.h">
      <Filter>Msi\Dialogs</Filter>
    </ClInclude>
    <ClInclude Include="Msi\Dialogs\OutOfDiskDlg.h">
      <Filter>Msi\Dialogs</Filter>
    </ClInclude>
    <ClInclude Include="Msi\Dialogs\OutOfRbDiskDlg.h">
      <Filter>Msi\Dialogs</Filter>
    </ClInclude>
    <ClInclude Include="Msi\Dialogs\ResumeDlg.h">
      <Filter>Msi\Dialogs</Filter>
    </ClInclude>
    <ClInclude Include="Msi\Dialogs\SetupTypeDlg.h">
      <Filter>Msi\Dialogs</Filter>
    </ClInclude>
    <ClInclude Include="Msi\Dialogs\UserRegistrationDlg.h">
      <Filter>Msi\Dialogs</Filter>
    </ClInclude>
    <ClInclude Include="Msi\Dialogs\VerifyReadyDlg.h">
      <Filter>Msi\Dialogs</Filter>
    </ClInclude>
    <ClInclude Include="Msi\Dialogs\VerifyRemoveDlg.h">
      <Filter>Msi\Dialogs</Filter>
    </ClInclude>
    <ClInclude Include="Msi\Dialogs\VerifyRepairDlg.h">
      <Filter>Msi\Dialogs</Filter>
    </ClInclude>
    <ClInclude Include="Msi\Dialogs\WaitForCostingDlg.h">
      <Filter>Msi\Dialogs</Filter>
    </ClInclude>
    <ClInclude Include="Msi\Dialogs\WelcomeDlg.h">
      <Filter>Msi\Dialogs</Filter>
    </ClInclude>
    <ClInclude Include="Msi\Dialogs\WelcomeDlgLink.h">
      <Filter>Msi\Dialogs</Filter>
    </ClInclude>
    <ClInclude Include="BuildSetup.h" />
    <ClInclude Include="ConsoleProcess.h" />
    <ClInclude Include="MakefileWorkspace.h" />
    <ClInclude Include="VSWorkspace.h" />
  </ItemGroup>
  <ItemGroup>
    <Filter Include="IOData">
      <UniqueIdentifier>{d4cfb044-fb8a-4f6e-a8d5-f6beae0d0946}</UniqueIdentifier>
    </Filter>
    <Filter Include="Json">
      <UniqueIdentifier>{bf42b501-2fa7-4b45-aa4f-ac36b625e25d}</UniqueIdentifier>
    </Filter>
    <Filter Include="Text">
      <UniqueIdentifier>{ba0df103-00f5-47d4-92a3-494898156614}</UniqueIdentifier>
    </Filter>
    <Filter Include="Zip">
      <UniqueIdentifier>{b403ec36-2f95-441a-98ee-70c82a5903c7}</UniqueIdentifier>
    </Filter>
    <Filter Include="Javascript">
      <UniqueIdentifier>{e85875f8-034d-45b5-84cb-4fba6bc32ca6}</UniqueIdentifier>
    </Filter>
    <Filter Include="Guid">
      <UniqueIdentifier>{f4e01054-3f1a-4572-89cb-262e8ad68969}</UniqueIdentifier>
    </Filter>
    <Filter Include="Base64">
      <UniqueIdentifier>{039aa25b-506f-4e11-942e-d21ec92251ec}</UniqueIdentifier>
    </Filter>
    <Filter Include="Msi">
      <UniqueIdentifier>{af1ef40c-4dfd-434b-81ce-3e5ee6b584f3}</UniqueIdentifier>
    </Filter>
    <Filter Include="Msi\Dialogs">
      <UniqueIdentifier>{40a03b56-46ad-460c-8ad9-db6f23871a1c}</UniqueIdentifier>
    </Filter>
  </ItemGroup>
  <ItemGroup>
    <Manifest Include="CPPBuild.manifest" />
  </ItemGroup>
</Project>